
Microsoft Visual Studio Solution File, Format Version 12.00
# Visual Studio Version 16
VisualStudioVersion = 16.0.32126.315
MinimumVisualStudioVersion = 10.0.40219.1
Project("{FAE04EC0-301F-11D3-BF4B-00C04F79EFBC}") = "ShopBridge", "ShopBridge\ShopBridge.csproj", "{AFC0C4F3-3E04-4E4A-8722-7726528D2331}"
EndProject
Global
	GlobalSection(SolutionConfigurationPlatforms) = preSolution
		Debug|Any CPU = Debug|Any CPU
		Release|Any CPU = Release|Any CPU
	EndGlobalSection
	GlobalSection(ProjectConfigurationPlatforms) = postSolution
		{AFC0C4F3-3E04-4E4A-8722-7726528D2331}.Debug|Any CPU.ActiveCfg = Debug|Any CPU
		{AFC0C4F3-3E04-4E4A-8722-7726528D2331}.Debug|Any CPU.Build.0 = Debug|Any CPU
		{AFC0C4F3-3E04-4E4A-8722-7726528D2331}.Release|Any CPU.ActiveCfg = Release|Any CPU
		{AFC0C4F3-3E04-4E4A-8722-7726528D2331}.Release|Any CPU.Build.0 = Release|Any CPU
	EndGlobalSection
	GlobalSection(SolutionProperties) = preSolution
		HideSolutionNode = FALSE
	EndGlobalSection
	GlobalSection(ExtensibilityGlobals) = postSolution
		SolutionGuid = {E2D5FF86-8A0A-4939-901C-BBBCA33C805C}
	EndGlobalSection
EndGlobal
